
Microsoft Visual Studio Solution File, Format Version 12.00
# Visual Studio Version 16
VisualStudioVersion = 16.0.30517.126
MinimumVisualStudioVersion = 10.0.40219.1
Project("{FAE04EC0-301F-11D3-BF4B-00C04F79EFBC}") = "RotateArray", "RotateArray.csproj", "{FB405631-2142-4274-83AA-F9994A5136B0}"
EndProject
Global
	GlobalSection(SolutionConfigurationPlatforms) = preSolution
		Debug|Any CPU = Debug|Any CPU
		Release|Any CPU = Release|Any CPU
	EndGlobalSection
	GlobalSection(ProjectConfigurationPlatforms) = postSolution
		{FB405631-2142-4274-83AA-F9994A5136B0}.Debug|Any CPU.ActiveCfg = Debug|Any CPU
		{FB405631-2142-4274-83AA-F9994A5136B0}.Debug|Any CPU.Build.0 = Debug|Any CPU
		{FB405631-2142-4274-83AA-F9994A5136B0}.Release|Any CPU.ActiveCfg = Release|Any CPU
		{FB405631-2142-4274-83AA-F9994A5136B0}.Release|Any CPU.Build.0 = Release|Any CPU
	EndGlobalSection
	GlobalSection(SolutionProperties) = preSolution
		HideSolutionNode = FALSE
	EndGlobalSection
	GlobalSection(ExtensibilityGlobals) = postSolution
		SolutionGuid = {FE42E02E-FC69-487C-BFB8-755136040287}
	EndGlobalSection
EndGlobal
